<?xml version="1.0" encoding="UTF-8" standalone="yes" ?>
<CodeBlocks_project_file>
	<FileVersion major="1" minor="6" />
	<Project>
		<Option title="Tanks" />
		<Option pch_mode="2" />
		<Option compiler="gcc" />
		<Build>
			<Target title="Release">
				<Option output="build/Tanks" prefix_auto="1" extension_auto="1" />
				<Option working_dir="build" />
				<Option object_output="output" />
				<Option type="1" />
				<Option compiler="gcc" />
				<Compiler>
					<Add option="-O2" />
					<Add option="-std=c++0x" />
					<Add directory="include" />
				</Compiler>
				<Linker>
					<Add option="-lalleg44" />
					<Add option="-lloadpng" />
					<Add option="-lpng" />
					<Add option="-lzlib" />
					<Add option="-lGameNetworkingSockets" />
				</Linker>
			</Target>
		</Build>
		<Compiler>
			<Add option="-Wall" />
		</Compiler>
		<Unit filename="include/ChatClient.h" />
		<Unit filename="include/ChatCommon.h" />
		<Unit filename="include/ChatServer.h" />
		<Unit filename="include/Entity.h" />
		<Unit filename="include/StringFunctions.h" />
		<Unit filename="include/barrier.h" />
		<Unit filename="include/bullet.h" />
		<Unit filename="include/button.h" />
		<Unit filename="include/game.h" />
		<Unit filename="include/globals.h" />
		<Unit filename="include/init.h" />
		<Unit filename="include/keyListener.h" />
		<Unit filename="include/menu.h" />
		<Unit filename="include/mouseListener.h" />
		<Unit filename="include/particle.h" />
		<Unit filename="include/powerup.h" />
		<Unit filename="include/state.h" />
		<Unit filename="include/tank.h" />
		<Unit filename="include/tools.h" />
		<Unit filename="include/vec2.h" />
		<Unit filename="include/world.h" />
		<Unit filename="src/ChatClient.cpp" />
		<Unit filename="src/ChatCommon.cpp" />
		<Unit filename="src/ChatServer.cpp" />
		<Unit filename="src/Entity.cpp" />
		<Unit filename="src/StringFunctions.cpp" />
		<Unit filename="src/barrier.cpp" />
		<Unit filename="src/bullet.cpp" />
		<Unit filename="src/button.cpp" />
		<Unit filename="src/game.cpp" />
		<Unit filename="src/globals.cpp" />
		<Unit filename="src/init.cpp" />
		<Unit filename="src/keyListener.cpp" />
		<Unit filename="src/main.cpp" />
		<Unit filename="src/menu.cpp" />
		<Unit filename="src/mouseListener.cpp" />
		<Unit filename="src/particle.cpp" />
		<Unit filename="src/powerup.cpp" />
		<Unit filename="src/state.cpp" />
		<Unit filename="src/tank.cpp" />
		<Unit filename="src/tools.cpp" />
		<Unit filename="src/vec2.cpp" />
		<Unit filename="src/world.cpp" />
		<Extensions>
			<code_completion />
			<envvars />
			<debugger />
		</Extensions>
	</Project>
</CodeBlocks_project_file>
